
Microsoft Visual Studio Solution File, Format Version 12.00
# Visual Studio Version 17
VisualStudioVersion = 17.6.33723.286
MinimumVisualStudioVersion = 10.0.40219.1
Project("{9A19103F-16F7-4668-BE54-9A1E7A4F7556}") = "Savorscape.API", "Savorscape.API\Savorscape.API.csproj", "{2D1A9745-E187-487C-9801-1C3E22B03E0F}"
EndProject
Project("{9A19103F-16F7-4668-BE54-9A1E7A4F7556}") = "Savorscape.Database", "Savorscape.Database\Savorscape.Database.csproj", "{80F97C82-CB89-44FE-BD46-FF3D49DDD51D}"
EndProject
Project("{FAE04EC0-301F-11D3-BF4B-00C04F79EFBC}") = "Savorscape.Tests", "Savorscape.Tests\Savorscape.Tests.csproj", "{616B891C-7BE0-4407-BC33-141EDB8C64B9}"
EndProject
Global
	GlobalSection(SolutionConfigurationPlatforms) = preSolution
		Debug|Any CPU = Debug|Any CPU
		Release|Any CPU = Release|Any CPU
	EndGlobalSection
	GlobalSection(ProjectConfigurationPlatforms) = postSolution
		{2D1A9745-E187-487C-9801-1C3E22B03E0F}.Debug|Any CPU.ActiveCfg = Debug|Any CPU
		{2D1A9745-E187-487C-9801-1C3E22B03E0F}.Debug|Any CPU.Build.0 = Debug|Any CPU
		{2D1A9745-E187-487C-9801-1C3E22B03E0F}.Release|Any CPU.ActiveCfg = Release|Any CPU
		{2D1A9745-E187-487C-9801-1C3E22B03E0F}.Release|Any CPU.Build.0 = Release|Any CPU
		{80F97C82-CB89-44FE-BD46-FF3D49DDD51D}.Debug|Any CPU.ActiveCfg = Debug|Any CPU
		{80F97C82-CB89-44FE-BD46-FF3D49DDD51D}.Debug|Any CPU.Build.0 = Debug|Any CPU
		{80F97C82-CB89-44FE-BD46-FF3D49DDD51D}.Release|Any CPU.ActiveCfg = Release|Any CPU
		{80F97C82-CB89-44FE-BD46-FF3D49DDD51D}.Release|Any CPU.Build.0 = Release|Any CPU
		{616B891C-7BE0-4407-BC33-141EDB8C64B9}.Debug|Any CPU.ActiveCfg = Debug|Any CPU
		{616B891C-7BE0-4407-BC33-141EDB8C64B9}.Debug|Any CPU.Build.0 = Debug|Any CPU
		{616B891C-7BE0-4407-BC33-141EDB8C64B9}.Release|Any CPU.ActiveCfg = Release|Any CPU
		{616B891C-7BE0-4407-BC33-141EDB8C64B9}.Release|Any CPU.Build.0 = Release|Any CPU
	EndGlobalSection
	GlobalSection(SolutionProperties) = preSolution
		HideSolutionNode = FALSE
	EndGlobalSection
	GlobalSection(ExtensibilityGlobals) = postSolution
		SolutionGuid = {2C495407-D6F2-4B1F-B0D7-86975DBDA07D}
	EndGlobalSection
EndGlobal
